/g/steinmetz/link/Amplicon_barcode_analysis/snake_test/QC_filtering/bcwithqc_symlinks/I_L1_1/I_L1_1.fastq.gz
/g/steinmetz/link/Amplicon_barcode_analysis/snake_test/QC_filtering/QC_filtered/U_L1_1.fastq.gz
/g/steinmetz/link/Amplicon_barcode_analysis/snake_test/QC_filtering/QC_filtered/L_L1_1.fastq.gz
/g/steinmetz/link/Amplicon_barcode_analysis/snake_test/QC_filtering/.pipeline_state/05_bcwithqc.done
/g/steinmetz/link/Amplicon_barcode_analysis/snake_test/QC_filtering/.pipeline_state/bcwithqc_done/U_L1_1.done
/g/steinmetz/link/Amplicon_barcode_analysis/snake_test/QC_filtering/bcwithqc_symlinks/U_L1_1/U_L1_1.fastq.gz
/g/steinmetz/link/Amplicon_barcode_analysis/snake_test/QC_filtering/bcwithqc_symlinks/L_L1_1/L_L1_1.fastq.gz
/g/steinmetz/link/Amplicon_barcode_analysis/snake_test/QC_filtering/rds/count_df.rds
/g/steinmetz/link/Amplicon_barcode_analysis/snake_test/QC_filtering/results/mapping_results.xlsx
/g/steinmetz/link/Amplicon_barcode_analysis/snake_test/QC_filtering/.pipeline_state/bcwithqc_done/L_L1_1.done
/g/steinmetz/link/Amplicon_barcode_analysis/snake_test/QC_filtering/QC_filtered/I_L1_1.fastq.gz
/g/steinmetz/link/Amplicon_barcode_analysis/snake_test/QC_filtering/.pipeline_state/bcwithqc_done/I_L1_1.done
/g/steinmetz/link/Amplicon_barcode_analysis/snake_test/QC_filtering/.pipeline_state/QC_filtering_params.sh
