/scratch/link/Amplicon_barcode_analysis/HepG2_dual_rep_GALNAC_bcwithqc/rds/count_df.rds
/scratch/link/Amplicon_barcode_analysis/HepG2_dual_rep_GALNAC_bcwithqc/.pipeline_state/resolved_config.rds
/scratch/link/Amplicon_barcode_analysis/HepG2_dual_rep_GALNAC_bcwithqc/.pipeline_state/01_setup.done
/scratch/link/Amplicon_barcode_analysis/HepG2_dual_rep_GALNAC_bcwithqc/.pipeline_state/05_bcwithqc.done
config.yaml
/scratch/link/Amplicon_barcode_analysis/HepG2_dual_rep_GALNAC_bcwithqc/.pipeline_state/resolved_config.rds
