/g/steinmetz/link/Amplicon_barcode_analysis/snake_test/MAUDE/.pipeline_state/resolved_config.rds
/g/steinmetz/link/Amplicon_barcode_analysis/snake_test/MAUDE/.pipeline_state/01_setup.done
/g/steinmetz/link/Amplicon_barcode_analysis/snake_test/MAUDE/.pipeline_state/05_bcwithqc.done
config.yaml
/g/steinmetz/link/Amplicon_barcode_analysis/snake_test/MAUDE/.pipeline_state/resolved_config.rds
